
Microsoft Visual Studio Solution File, Format Version 10.00
# Visual Studio 2008
Project("{8BC9CEB8-8B4A-11D0-8D11-00A0C91BC942}") = "Task2", "Task2\Task2.vcproj", "{58576A92-38B5-4279-BE44-B7774EABF0EB}"
EndProject
Global
	GlobalSection(SolutionConfigurationPlatforms) = preSolution
		Debug|Win32 = Debug|Win32
		Release|Win32 = Release|Win32
	EndGlobalSection
	GlobalSection(ProjectConfigurationPlatforms) = postSolution
		{58576A92-38B5-4279-BE44-B7774EABF0EB}.Debug|Win32.ActiveCfg = Debug|Win32
		{58576A92-38B5-4279-BE44-B7774EABF0EB}.Debug|Win32.Build.0 = Debug|Win32
		{58576A92-38B5-4279-BE44-B7774EABF0EB}.Release|Win32.ActiveCfg = Release|Win32
		{58576A92-38B5-4279-BE44-B7774EABF0EB}.Release|Win32.Build.0 = Release|Win32
	EndGlobalSection
	GlobalSection(SolutionProperties) = preSolution
		HideSolutionNode = FALSE
	EndGlobalSection
EndGlobal
